
Microsoft Visual Studio Solution File, Format Version 12.00
# Visual Studio Version 17
VisualStudioVersion = 17.10.35013.160
MinimumVisualStudioVersion = 10.0.40219.1
Project("{FAE04EC0-301F-11D3-BF4B-00C04F79EFBC}") = "GideonNyamuame8883421 - SENG8051 - Assignment 1", "GideonNyamuame8883421 - SENG8051 - Assignment 1.csproj", "{286C36F1-316E-47EC-8C88-CF364470D1DE}"
EndProject
Global
	GlobalSection(SolutionConfigurationPlatforms) = preSolution
		Debug|Any CPU = Debug|Any CPU
		Release|Any CPU = Release|Any CPU
	EndGlobalSection
	GlobalSection(ProjectConfigurationPlatforms) = postSolution
		{286C36F1-316E-47EC-8C88-CF364470D1DE}.Debug|Any CPU.ActiveCfg = Debug|Any CPU
		{286C36F1-316E-47EC-8C88-CF364470D1DE}.Debug|Any CPU.Build.0 = Debug|Any CPU
		{286C36F1-316E-47EC-8C88-CF364470D1DE}.Release|Any CPU.ActiveCfg = Release|Any CPU
		{286C36F1-316E-47EC-8C88-CF364470D1DE}.Release|Any CPU.Build.0 = Release|Any CPU
	EndGlobalSection
	GlobalSection(SolutionProperties) = preSolution
		HideSolutionNode = FALSE
	EndGlobalSection
	GlobalSection(ExtensibilityGlobals) = postSolution
		SolutionGuid = {8504D748-0037-45BD-A0E8-B3CABC442EF6}
	EndGlobalSection
EndGlobal
